
Microsoft Visual Studio Solution File, Format Version 12.00
# Visual Studio Version 17
VisualStudioVersion = 17.14.36518.9
MinimumVisualStudioVersion = 10.0.40219.1
Project("{FAE04EC0-301F-11D3-BF4B-00C04F79EFBC}") = "VmesteApp", "VmesteApp\VmesteApp.csproj", "{695C8E50-8BCD-4DA6-B5D8-0ABE878B3368}"
EndProject
Project("{FAE04EC0-301F-11D3-BF4B-00C04F79EFBC}") = "VmesteApp.Tests", "VmesteApp.Tests\VmesteApp.Tests.csproj", "{448FC796-6980-47AF-887E-7D5A78D179A4}"
	ProjectSection(ProjectDependencies) = postProject
		{695C8E50-8BCD-4DA6-B5D8-0ABE878B3368} = {695C8E50-8BCD-4DA6-B5D8-0ABE878B3368}
	EndProjectSection
EndProject
Global
	GlobalSection(SolutionConfigurationPlatforms) = preSolution
		Debug|Any CPU = Debug|Any CPU
		Release|Any CPU = Release|Any CPU
	EndGlobalSection
	GlobalSection(ProjectConfigurationPlatforms) = postSolution
		{695C8E50-8BCD-4DA6-B5D8-0ABE878B3368}.Debug|Any CPU.ActiveCfg = Debug|Any CPU
		{695C8E50-8BCD-4DA6-B5D8-0ABE878B3368}.Debug|Any CPU.Build.0 = Debug|Any CPU
		{695C8E50-8BCD-4DA6-B5D8-0ABE878B3368}.Release|Any CPU.ActiveCfg = Release|Any CPU
		{695C8E50-8BCD-4DA6-B5D8-0ABE878B3368}.Release|Any CPU.Build.0 = Release|Any CPU
		{448FC796-6980-47AF-887E-7D5A78D179A4}.Debug|Any CPU.ActiveCfg = Debug|Any CPU
		{448FC796-6980-47AF-887E-7D5A78D179A4}.Debug|Any CPU.Build.0 = Debug|Any CPU
		{448FC796-6980-47AF-887E-7D5A78D179A4}.Release|Any CPU.ActiveCfg = Release|Any CPU
		{448FC796-6980-47AF-887E-7D5A78D179A4}.Release|Any CPU.Build.0 = Release|Any CPU
	EndGlobalSection
	GlobalSection(SolutionProperties) = preSolution
		HideSolutionNode = FALSE
	EndGlobalSection
	GlobalSection(ExtensibilityGlobals) = postSolution
		SolutionGuid = {A61BF744-4CEB-4C2D-86E1-FAC3E041ED2C}
	EndGlobalSection
EndGlobal
